
Microsoft Visual Studio Solution File, Format Version 12.00
# Visual Studio 15
VisualStudioVersion = 15.0.26730.16
MinimumVisualStudioVersion = 10.0.40219.1
Project("{8BC9CEB8-8B4A-11D0-8D11-00A0C91BC942}") = "Server_CS", "Server_CS\Server_CS.vcxproj", "{20C221D7-C38B-45C6-9560-60335DE93DF2}"
EndProject
Project("{8BC9CEB8-8B4A-11D0-8D11-00A0C91BC942}") = "Client_CS", "Client_CS\Client_CS.vcxproj", "{02EA892F-19CC-42D4-93BF-B8D71752CDEB}"
EndProject
Project("{8BC9CEB8-8B4A-11D0-8D11-00A0C91BC942}") = "GameLib", "GameLib\GameLib.vcxproj", "{4E6E393D-D633-4B5C-BD3F-8CC84D37E47E}"
EndProject
Project("{8BC9CEB8-8B4A-11D0-8D11-00A0C91BC942}") = "Client_P2P", "C:\Users\Miquel\Desktop\Taller4_MiquelOliverMarcMartos\Client_P2P\Client_P2P.vcxproj", "{4687F8D7-996A-4947-A524-5182C5B1594E}"
EndProject
Global
	GlobalSection(SolutionConfigurationPlatforms) = preSolution
		Debug|x64 = Debug|x64
		Debug|x86 = Debug|x86
		Release|x64 = Release|x64
		Release|x86 = Release|x86
	EndGlobalSection
	GlobalSection(ProjectConfigurationPlatforms) = postSolution
		{20C221D7-C38B-45C6-9560-60335DE93DF2}.Debug|x64.ActiveCfg = Debug|x64
		{20C221D7-C38B-45C6-9560-60335DE93DF2}.Debug|x64.Build.0 = Debug|x64
		{20C221D7-C38B-45C6-9560-60335DE93DF2}.Debug|x86.ActiveCfg = Debug|Win32
		{20C221D7-C38B-45C6-9560-60335DE93DF2}.Debug|x86.Build.0 = Debug|Win32
		{20C221D7-C38B-45C6-9560-60335DE93DF2}.Release|x64.ActiveCfg = Release|x64
		{20C221D7-C38B-45C6-9560-60335DE93DF2}.Release|x64.Build.0 = Release|x64
		{20C221D7-C38B-45C6-9560-60335DE93DF2}.Release|x86.ActiveCfg = Release|Win32
		{20C221D7-C38B-45C6-9560-60335DE93DF2}.Release|x86.Build.0 = Release|Win32
		{02EA892F-19CC-42D4-93BF-B8D71752CDEB}.Debug|x64.ActiveCfg = Debug|x64
		{02EA892F-19CC-42D4-93BF-B8D71752CDEB}.Debug|x64.Build.0 = Debug|x64
		{02EA892F-19CC-42D4-93BF-B8D71752CDEB}.Debug|x86.ActiveCfg = Debug|Win32
		{02EA892F-19CC-42D4-93BF-B8D71752CDEB}.Debug|x86.Build.0 = Debug|Win32
		{02EA892F-19CC-42D4-93BF-B8D71752CDEB}.Release|x64.ActiveCfg = Release|x64
		{02EA892F-19CC-42D4-93BF-B8D71752CDEB}.Release|x64.Build.0 = Release|x64
		{02EA892F-19CC-42D4-93BF-B8D71752CDEB}.Release|x86.ActiveCfg = Release|Win32
		{02EA892F-19CC-42D4-93BF-B8D71752CDEB}.Release|x86.Build.0 = Release|Win32
		{4E6E393D-D633-4B5C-BD3F-8CC84D37E47E}.Debug|x64.ActiveCfg = Debug|x64
		{4E6E393D-D633-4B5C-BD3F-8CC84D37E47E}.Debug|x64.Build.0 = Debug|x64
		{4E6E393D-D633-4B5C-BD3F-8CC84D37E47E}.Debug|x86.ActiveCfg = Debug|Win32
		{4E6E393D-D633-4B5C-BD3F-8CC84D37E47E}.Debug|x86.Build.0 = Debug|Win32
		{4E6E393D-D633-4B5C-BD3F-8CC84D37E47E}.Release|x64.ActiveCfg = Release|x64
		{4E6E393D-D633-4B5C-BD3F-8CC84D37E47E}.Release|x64.Build.0 = Release|x64
		{4E6E393D-D633-4B5C-BD3F-8CC84D37E47E}.Release|x86.ActiveCfg = Release|Win32
		{4E6E393D-D633-4B5C-BD3F-8CC84D37E47E}.Release|x86.Build.0 = Release|Win32
		{4687F8D7-996A-4947-A524-5182C5B1594E}.Debug|x64.ActiveCfg = Debug|x64
		{4687F8D7-996A-4947-A524-5182C5B1594E}.Debug|x64.Build.0 = Debug|x64
		{4687F8D7-996A-4947-A524-5182C5B1594E}.Debug|x86.ActiveCfg = Debug|Win32
		{4687F8D7-996A-4947-A524-5182C5B1594E}.Debug|x86.Build.0 = Debug|Win32
		{4687F8D7-996A-4947-A524-5182C5B1594E}.Release|x64.ActiveCfg = Release|x64
		{4687F8D7-996A-4947-A524-5182C5B1594E}.Release|x64.Build.0 = Release|x64
		{4687F8D7-996A-4947-A524-5182C5B1594E}.Release|x86.ActiveCfg = Release|Win32
		{4687F8D7-996A-4947-A524-5182C5B1594E}.Release|x86.Build.0 = Release|Win32
	EndGlobalSection
	GlobalSection(SolutionProperties) = preSolution
		HideSolutionNode = FALSE
	EndGlobalSection
	GlobalSection(ExtensibilityGlobals) = postSolution
		SolutionGuid = {889E3383-8C4D-452F-A0BC-B3F456339E85}
	EndGlobalSection
EndGlobal
